{
  "name": "Dz002nodejs01",
  "lockfileVersion": 3,
  "requires": true,
  "packages": {
    "": {
      "dependencies": {
        "pass_gen_random": "^1.0.1"
      }
    },
    "node_modules/pass_gen_random": {
      "version": "1.0.1",
      "resolved": " ",
      "integrity": "sha512-zZFYgc4RgL8eShKU32t7x7Mq7oQpJKN7BuyT7SbvpPiWblln3kjoa7YwFogW9hmnCDFTB6v4OdTMDEp8HuzEMw=="
    }
  }
}